{
  "pins" : [
    {
      "identity" : "alamofire",
      "kind" : "remoteSourceControl",
      "location" : "https://github.com/Alamofire/Alamofire.git",
      "state" : {
        "revision" : "f455c2975872ccd2d9c81594c658af65716e9b9a",
        "version" : "5.9.1"
      }
    },
    {
      "identity" : "iosservices",
      "kind" : "remoteSourceControl",
      "location" : "https://github.com/murali-elite/IOSServices.git",
      "state" : {
        "branch" : "main",
        "revision" : "1b109d0873204dbfbd081be9dc7259ca4007c095"
      }
    },
    {
      "identity" : "iosuitoolkit",
      "kind" : "remoteSourceControl",
      "location" : "https://github.com/murali-elite/IOSUIToolKit.git",
      "state" : {
        "branch" : "main",
        "revision" : "0cda342f3123124e74c3038eb259836c236a801f"
      }
    },
    {
      "identity" : "swiftlintplugins",
      "kind" : "remoteSourceControl",
      "location" : "https://github.com/SimplyDanny/SwiftLintPlugins.git",
      "state" : {
        "branch" : "main",
        "revision" : "2dc958c0fba7c24c309eaf57d6b69d46682a576f"
      }
    }
  ],
  "version" : 2
}
