{
  "pins" : [
    {
      "identity" : "iosuitoolkit",
      "kind" : "remoteSourceControl",
      "location" : "https://github.com/murali-elite/iOSUIToolKit.git",
      "state" : {
        "branch" : "main",
        "revision" : "78dc6fe482f14627105d2604a87be93d80848202"
      }
    },
    {
      "identity" : "swiftlintplugins",
      "kind" : "remoteSourceControl",
      "location" : "https://github.com/SimplyDanny/SwiftLintPlugins.git",
      "state" : {
        "branch" : "main",
        "revision" : "2dc958c0fba7c24c309eaf57d6b69d46682a576f"
      }
    }
  ],
  "version" : 2
}
